
Microsoft Visual Studio Solution File, Format Version 12.00
# Visual Studio Version 16
VisualStudioVersion = 16.0.30413.136
MinimumVisualStudioVersion = 10.0.40219.1
Project("{FAE04EC0-301F-11D3-BF4B-00C04F79EFBC}") = "tetra", "tetra.csproj", "{301B9F39-2DF5-49FB-B730-9EDB7282AE9A}"
EndProject
Global
	GlobalSection(SolutionConfigurationPlatforms) = preSolution
		Debug|Any CPU = Debug|Any CPU
		Release|Any CPU = Release|Any CPU
	EndGlobalSection
	GlobalSection(ProjectConfigurationPlatforms) = postSolution
		{301B9F39-2DF5-49FB-B730-9EDB7282AE9A}.Debug|Any CPU.ActiveCfg = Debug|Any CPU
		{301B9F39-2DF5-49FB-B730-9EDB7282AE9A}.Debug|Any CPU.Build.0 = Debug|Any CPU
		{301B9F39-2DF5-49FB-B730-9EDB7282AE9A}.Release|Any CPU.ActiveCfg = Release|Any CPU
		{301B9F39-2DF5-49FB-B730-9EDB7282AE9A}.Release|Any CPU.Build.0 = Release|Any CPU
	EndGlobalSection
	GlobalSection(SolutionProperties) = preSolution
		HideSolutionNode = FALSE
	EndGlobalSection
	GlobalSection(ExtensibilityGlobals) = postSolution
		SolutionGuid = {D6EF6DE0-392D-421E-B05D-08ACCAB40C0B}
	EndGlobalSection
EndGlobal
